// !$*UTF8*$!
{
	archiveVersion = 1;
	classes = {
	};
	objectVersion = 46;
	objects = {

/* Begin PBXBuildFile section */
		4C6A3EA91C8FA17A00F9663B /* AppDelegate.swift in Sources */ = {isa = PBXBuildFile; fileRef = 4C6A3EA81C8FA17A00F9663B /* AppDelegate.swift */; };
		4C6A3EAB1C8FA17A00F9663B /* ViewController.swift in Sources */ = {isa = PBXBuildFile; fileRef = 4C6A3EAA1C8FA17A00F9663B /* ViewController.swift */; };
		4C6A3EAE1C8FA17A00F9663B /* Main.storyboard in Resources */ = {isa = PBXBuildFile; fileRef = 4C6A3EAC1C8FA17A00F9663B /* Main.storyboard */; };
		4C6A3EB01C8FA17A00F9663B /* Assets.xcassets in Resources */ = {isa = PBXBuildFile; fileRef = 4C6A3EAF1C8FA17A00F9663B /* Assets.xcassets */; };
		4C6A3EB31C8FA17A00F9663B /* LaunchScreen.storyboard in Resources */ = {isa = PBXBuildFile; fileRef = 4C6A3EB11C8FA17A00F9663B /* LaunchScreen.storyboard */; };
		4C6A3EBE1C8FA17A00F9663B /* gesture_testTests.swift in Sources */ = {isa = PBXBuildFile; fileRef = 4C6A3EBD1C8FA17A00F9663B /* gesture_testTests.swift */; };
		4C6A3EC91C8FA17A00F9663B /* gesture_testUITests.swift in Sources */ = {isa = PBXBuildFile; fileRef = 4C6A3EC81C8FA17A00F9663B /* gesture_testUITests.swift */; };
/* End PBXBuildFile section */

/* Begin PBXContainerItemProxy section */
		4C6A3EBA1C8FA17A00F9663B /* PBXContainerItemProxy */ = {
			isa = PBXContainerItemProxy;
			containerPortal = 4C6A3E9D1C8FA17A00F9663B /* Project object */;
			proxyType = 1;
			remoteGlobalIDString = 4C6A3EA41C8FA17A00F9663B;
			remoteInfo = gesture_test;
		};
		4C6A3EC51C8FA17A00F9663B /* PBXContainerItemProxy */ = {
			isa = PBXContainerItemProxy;
			containerPortal = 4C6A3E9D1C8FA17A00F9663B /* Project object */;
			proxyType = 1;
			remoteGlobalIDString = 4C6A3EA41C8FA17A00F9663B;
			remoteInfo = gesture_test;
		};
/* End PBXContainerItemProxy section */

/* Begin PBXFileReference section */
		4C6A3EA51C8FA17A00F9663B /* gesture_test.app */ = {isa = PBXFileReference; explicitFileType = wrapper.application; includeInIndex = 0; path = gesture_test.app; sourceTree = BUILT_PRODUCTS_DIR; };
		4C6A3EA81C8FA17A00F9663B /* AppDelegate.swift */ = {isa = PBXFileReference; lastKnownFileType = sourcecode.swift; path = AppDelegate.swift; sourceTree = "<group>"; };
		4C6A3EAA1C8FA17A00F9663B /* ViewController.swift */ = {isa = PBXFileReference; lastKnownFileType = sourcecode.swift; path = ViewController.swift; sourceTree = "<group>"; };
		4C6A3EAD1C8FA17A00F9663B /* Base */ = {isa = PBXFileReference; lastKnownFileType = file.storyboard; name = Base; path = Base.lproj/Main.storyboard; sourceTree = "<group>"; };
		4C6A3EAF1C8FA17A00F9663B /* Assets.xcassets */ = {isa = PBXFileReference; lastKnownFileType = folder.assetcatalog; path = Assets.xcassets; sourceTree = "<group>"; };
		4C6A3EB21C8FA17A00F9663B /* Base */ = {isa = PBXFileReference; lastKnownFileType = file.storyboard; name = Base; path = Base.lproj/LaunchScreen.storyboard; sourceTree = "<group>"; };
		4C6A3EB41C8FA17A00F9663B /* Info.plist */ = {isa = PBXFileReference; lastKnownFileType = text.plist.xml; path = Info.plist; sourceTree = "<group>"; };
		4C6A3EB91C8FA17A00F9663B /* gesture_testTests.xctest */ = {isa = PBXFileReference; explicitFileType = wrapper.cfbundle; includeInIndex = 0; path = gesture_testTests.xctest; sourceTree = BUILT_PRODUCTS_DIR; };
		4C6A3EBD1C8FA17A00F9663B /* gesture_testTests.swift */ = {isa = PBXFileReference; lastKnownFileType = sourcecode.swift; path = gesture_testTests.swift; sourceTree = "<group>"; };
		4C6A3EBF1C8FA17A00F9663B /* Info.plist */ = {isa = PBXFileReference; lastKnownFileType = text.plist.xml; path = Info.plist; sourceTree = "<group>"; };
		4C6A3EC41C8FA17A00F9663B /* gesture_testUITests.xctest */ = {isa = PBXFileReference; explicitFileType = wrapper.cfbundle; includeInIndex = 0; path = gesture_testUITests.xctest; sourceTree = BUILT_PRODUCTS_DIR; };
		4C6A3EC81C8FA17A00F9663B /* gesture_testUITests.swift */ = {isa = PBXFileReference; lastKnownFileType = sourcecode.swift; path = gesture_testUITests.swift; sourceTree = "<group>"; };
		4C6A3ECA1C8FA17A00F9663B /* Info.plist */ = {isa = PBXFileReference; lastKnownFileType = text.plist.xml; path = Info.plist; sourceTree = "<group>"; };
/* End PBXFileReference section */

/* Begin PBXFrameworksBuildPhase section */
		4C6A3EA21C8FA17A00F9663B /* Frameworks */ = {
			isa = PBXFrameworksBuildPhase;
			buildActionMask = 2147483647;
			files = (
			);
			runOnlyForDeploymentPostprocessing = 0;
		};
		4C6A3EB61C8FA17A00F9663B /* Frameworks */ = {
			isa = PBXFrameworksBuildPhase;
			buildActionMask = 2147483647;
			files = (
			);
			runOnlyForDeploymentPostprocessing = 0;
		};
		4C6A3EC11C8FA17A00F9663B /* Frameworks */ = {
			isa = PBXFrameworksBuildPhase;
			buildActionMask = 2147483647;
			files = (
			);
			runOnlyForDeploymentPostprocessing = 0;
		};
/* End PBXFrameworksBuildPhase section */

/* Begin PBXGroup section */
		4C6A3E9C1C8FA17A00F9663B = {
			isa = PBXGroup;
			children = (
				4C6A3EA71C8FA17A00F9663B /* gesture_test */,
				4C6A3EBC1C8FA17A00F9663B /* gesture_testTests */,
				4C6A3EC71C8FA17A00F9663B /* gesture_testUITests */,
				4C6A3EA61C8FA17A00F9663B /* Products */,
			);
			sourceTree = "<group>";
		};
		4C6A3EA61C8FA17A00F9663B /* Products */ = {
			isa = PBXGroup;
			children = (
				4C6A3EA51C8FA17A00F9663B /* gesture_test.app */,
				4C6A3EB91C8FA17A00F9663B /* gesture_testTests.xctest */,
				4C6A3EC41C8FA17A00F9663B /* gesture_testUITests.xctest */,
			);
			name = Products;
			sourceTree = "<group>";
		};
		4C6A3EA71C8FA17A00F9663B /* gesture_test */ = {
			isa = PBXGroup;
			children = (
				4C6A3EA81C8FA17A00F9663B /* AppDelegate.swift */,
				4C6A3EAA1C8FA17A00F9663B /* ViewController.swift */,
				4C6A3EAC1C8FA17A00F9663B /* Main.storyboard */,
				4C6A3EAF1C8FA17A00F9663B /* Assets.xcassets */,
				4C6A3EB11C8FA17A00F9663B /* LaunchScreen.storyboard */,
				4C6A3EB41C8FA17A00F9663B /* Info.plist */,
			);
			path = gesture_test;
			sourceTree = "<group>";
		};
		4C6A3EBC1C8FA17A00F9663B /* gesture_testTests */ = {
			isa = PBXGroup;
			children = (
				4C6A3EBD1C8FA17A00F9663B /* gesture_testTests.swift */,
				4C6A3EBF1C8FA17A00F9663B /* Info.plist */,
			);
			path = gesture_testTests;
			sourceTree = "<group>";
		};
		4C6A3EC71C8FA17A00F9663B /* gesture_testUITests */ = {
			isa = PBXGroup;
			children = (
				4C6A3EC81C8FA17A00F9663B /* gesture_testUITests.swift */,
				4C6A3ECA1C8FA17A00F9663B /* Info.plist */,
			);
			path = gesture_testUITests;
			sourceTree = "<group>";
		};
/* End PBXGroup section */

/* Begin PBXNativeTarget section */
		4C6A3EA41C8FA17A00F9663B /* gesture_test */ = {
			isa = PBXNativeTarget;
			buildConfigurationList = 4C6A3ECD1C8FA17A00F9663B /* Build configuration list for PBXNativeTarget "gesture_test" */;
			buildPhases = (
				4C6A3EA11C8FA17A00F9663B /* Sources */,
				4C6A3EA21C8FA17A00F9663B /* Frameworks */,
				4C6A3EA31C8FA17A00F9663B /* Resources */,
			);
			buildRules = (
			);
			dependencies = (
			);
			name = gesture_test;
			productName = gesture_test;
			productReference = 4C6A3EA51C8FA17A00F9663B /* gesture_test.app */;
			productType = "com.apple.product-type.application";
		};
		4C6A3EB81C8FA17A00F9663B /* gesture_testTests */ = {
			isa = PBXNativeTarget;
			buildConfigurationList = 4C6A3ED01C8FA17A00F9663B /* Build configuration list for PBXNativeTarget "gesture_testTests" */;
			buildPhases = (
				4C6A3EB51C8FA17A00F9663B /* Sources */,
				4C6A3EB61C8FA17A00F9663B /* Frameworks */,
				4C6A3EB71C8FA17A00F9663B /* Resources */,
			);
			buildRules = (
			);
			dependencies = (
				4C6A3EBB1C8FA17A00F9663B /* PBXTargetDependency */,
			);
			name = gesture_testTests;
			productName = gesture_testTests;
			productReference = 4C6A3EB91C8FA17A00F9663B /* gesture_testTests.xctest */;
			productType = "com.apple.product-type.bundle.unit-test";
		};
		4C6A3EC31C8FA17A00F9663B /* gesture_testUITests */ = {
			isa = PBXNativeTarget;
			buildConfigurationList = 4C6A3ED31C8FA17A00F9663B /* Build configuration list for PBXNativeTarget "gesture_testUITests" */;
			buildPhases = (
				4C6A3EC01C8FA17A00F9663B /* Sources */,
				4C6A3EC11C8FA17A00F9663B /* Frameworks */,
				4C6A3EC21C8FA17A00F9663B /* Resources */,
			);
			buildRules = (
			);
			dependencies = (
				4C6A3EC61C8FA17A00F9663B /* PBXTargetDependency */,
			);
			name = gesture_testUITests;
			productName = gesture_testUITests;
			productReference = 4C6A3EC41C8FA17A00F9663B /* gesture_testUITests.xctest */;
			productType = "com.apple.product-type.bundle.ui-testing";
		};
/* End PBXNativeTarget section */

/* Begin PBXProject section */
		4C6A3E9D1C8FA17A00F9663B /* Project object */ = {
			isa = PBXProject;
			attributes = {
				LastSwiftUpdateCheck = 0720;
				LastUpgradeCheck = 0720;
				ORGANIZATIONNAME = caizhili;
				TargetAttributes = {
					4C6A3EA41C8FA17A00F9663B = {
						CreatedOnToolsVersion = 7.2.1;
					};
					4C6A3EB81C8FA17A00F9663B = {
						CreatedOnToolsVersion = 7.2.1;
						TestTargetID = 4C6A3EA41C8FA17A00F9663B;
					};
					4C6A3EC31C8FA17A00F9663B = {
						CreatedOnToolsVersion = 7.2.1;
						TestTargetID = 4C6A3EA41C8FA17A00F9663B;
					};
				};
			};
			buildConfigurationList = 4C6A3EA01C8FA17A00F9663B /* Build configuration list for PBXProject "gesture_test" */;
			compatibilityVersion = "Xcode 3.2";
			developmentRegion = English;
			hasScannedForEncodings = 0;
			knownRegions = (
				en,
				Base,
			);
			mainGroup = 4C6A3E9C1C8FA17A00F9663B;
			productRefGroup = 4C6A3EA61C8FA17A00F9663B /* Products */;
			projectDirPath = "";
			projectRoot = "";
			targets = (
				4C6A3EA41C8FA17A00F9663B /* gesture_test */,
				4C6A3EB81C8FA17A00F9663B /* gesture_testTests */,
				4C6A3EC31C8FA17A00F9663B /* gesture_testUITests */,
			);
		};
/* End PBXProject section */

/* Begin PBXResourcesBuildPhase section */
		4C6A3EA31C8FA17A00F9663B /* Resources */ = {
			isa = PBXResourcesBuildPhase;
			buildActionMask = 2147483647;
			files = (
				4C6A3EB31C8FA17A00F9663B /* LaunchScreen.storyboard in Resources */,
				4C6A3EB01C8FA17A00F9663B /* Assets.xcassets in Resources */,
				4C6A3EAE1C8FA17A00F9663B /* Main.storyboard in Resources */,
			);
			runOnlyForDeploymentPostprocessing = 0;
		};
		4C6A3EB71C8FA17A00F9663B /* Resources */ = {
			isa = PBXResourcesBuildPhase;
			buildActionMask = 2147483647;
			files = (
			);
			runOnlyForDeploymentPostprocessing = 0;
		};
		4C6A3EC21C8FA17A00F9663B /* Resources */ = {
			isa = PBXResourcesBuildPhase;
			buildActionMask = 2147483647;
			files = (
			);
			runOnlyForDeploymentPostprocessing = 0;
		};
/* End PBXResourcesBuildPhase section */

/* Begin PBXSourcesBuildPhase section */
		4C6A3EA11C8FA17A00F9663B /* Sources */ = {
			isa = PBXSourcesBuildPhase;
			buildActionMask = 2147483647;
			files = (
				4C6A3EAB1C8FA17A00F9663B /* ViewController.swift in Sources */,
				4C6A3EA91C8FA17A00F9663B /* AppDelegate.swift in Sources */,
			);
			runOnlyForDeploymentPostprocessing = 0;
		};
		4C6A3EB51C8FA17A00F9663B /* Sources */ = {
			isa = PBXSourcesBuildPhase;
			buildActionMask = 2147483647;
			files = (
				4C6A3EBE1C8FA17A00F9663B /* gesture_testTests.swift in Sources */,
			);
			runOnlyForDeploymentPostprocessing = 0;
		};
		4C6A3EC01C8FA17A00F9663B /* Sources */ = {
			isa = PBXSourcesBuildPhase;
			buildActionMask = 2147483647;
			files = (
				4C6A3EC91C8FA17A00F9663B /* gesture_testUITests.swift in Sources */,
			);
			runOnlyForDeploymentPostprocessing = 0;
		};
/* End PBXSourcesBuildPhase section */

/* Begin PBXTargetDependency section */
		4C6A3EBB1C8FA17A00F9663B /* PBXTargetDependency */ = {
			isa = PBXTargetDependency;
			target = 4C6A3EA41C8FA17A00F9663B /* gesture_test */;
			targetProxy = 4C6A3EBA1C8FA17A00F9663B /* PBXContainerItemProxy */;
		};
		4C6A3EC61C8FA17A00F9663B /* PBXTargetDependency */ = {
			isa = PBXTargetDependency;
			target = 4C6A3EA41C8FA17A00F9663B /* gesture_test */;
			targetProxy = 4C6A3EC51C8FA17A00F9663B /* PBXContainerItemProxy */;
		};
/* End PBXTargetDependency section */

/* Begin PBXVariantGroup section */
		4C6A3EAC1C8FA17A00F9663B /* Main.storyboard */ = {
			isa = PBXVariantGroup;
			children = (
				4C6A3EAD1C8FA17A00F9663B /* Base */,
			);
			name = Main.storyboard;
			sourceTree = "<group>";
		};
		4C6A3EB11C8FA17A00F9663B /* LaunchScreen.storyboard */ = {
			isa = PBXVariantGroup;
			children = (
				4C6A3EB21C8FA17A00F9663B /* Base */,
			);
			name = LaunchScreen.storyboard;
			sourceTree = "<group>";
		};
/* End PBXVariantGroup section */

/* Begin XCBuildConfiguration section */
		4C6A3ECB1C8FA17A00F9663B /* Debug */ = {
			isa = XCBuildConfiguration;
			buildSettings = {
				ALWAYS_SEARCH_USER_PATHS = NO;
				CLANG_CXX_LANGUAGE_STANDARD = "gnu++0x";
				CLANG_CXX_LIBRARY = "libc++";
				CLANG_ENABLE_MODULES = YES;
				CLANG_ENABLE_OBJC_ARC = YES;
				CLANG_WARN_BOOL_CONVERSION = YES;
				CLANG_WARN_CONSTANT_CONVERSION = YES;
				CLANG_WARN_DIRECT_OBJC_ISA_USAGE = YES_ERROR;
				CLANG_WARN_EMPTY_BODY = YES;
				CLANG_WARN_ENUM_CONVERSION = YES;
				CLANG_WARN_INT_CONVERSION = YES;
				CLANG_WARN_OBJC_ROOT_CLASS = YES_ERROR;
				CLANG_WARN_UNREACHABLE_CODE = YES;
				CLANG_WARN__DUPLICATE_METHOD_MATCH = YES;
				"CODE_SIGN_IDENTITY[sdk=iphoneos*]" = "iPhone Developer";
				COPY_PHASE_STRIP = NO;
				DEBUG_INFORMATION_FORMAT = dwarf;
				ENABLE_STRICT_OBJC_MSGSEND = YES;
				ENABLE_TESTABILITY = YES;
				GCC_C_LANGUAGE_STANDARD = gnu99;
				GCC_DYNAMIC_NO_PIC = NO;
				GCC_NO_COMMON_BLOCKS = YES;
				GCC_OPTIMIZATION_LEVEL = 0;
				GCC_PREPROCESSOR_DEFINITIONS = (
					"DEBUG=1",
					"$(inherited)",
				);
				GCC_WARN_64_TO_32_BIT_CONVERSION = YES;
				GCC_WARN_ABOUT_RETURN_TYPE = YES_ERROR;
				GCC_WARN_UNDECLARED_SELECTOR = YES;
				GCC_WARN_UNINITIALIZED_AUTOS = YES_AGGRESSIVE;
				GCC_WARN_UNUSED_FUNCTION = YES;
				GCC_WARN_UNUSED_VARIABLE = YES;
				IPHONEOS_DEPLOYMENT_TARGET = 9.2;
				MTL_ENABLE_DEBUG_INFO = YES;
				ONLY_ACTIVE_ARCH = YES;
				SDKROOT = iphoneos;
				SWIFT_OPTIMIZATION_LEVEL = "-Onone";
			};
			name = Debug;
		};
		4C6A3ECC1C8FA17A00F9663B /* Release */ = {
			isa = XCBuildConfiguration;
			buildSettings = {
				ALWAYS_SEARCH_USER_PATHS = NO;
				CLANG_CXX_LANGUAGE_STANDARD = "gnu++0x";
				CLANG_CXX_LIBRARY = "libc++";
				CLANG_ENABLE_MODULES = YES;
				CLANG_ENABLE_OBJC_ARC = YES;
				CLANG_WARN_BOOL_CONVERSION = YES;
				CLANG_WARN_CONSTANT_CONVERSION = YES;
				CLANG_WARN_DIRECT_OBJC_ISA_USAGE = YES_ERROR;
				CLANG_WARN_EMPTY_BODY = YES;
				CLANG_WARN_ENUM_CONVERSION = YES;
				CLANG_WARN_INT_CONVERSION = YES;
				CLANG_WARN_OBJC_ROOT_CLASS = YES_ERROR;
				CLANG_WARN_UNREACHABLE_CODE = YES;
				CLANG_WARN__DUPLICATE_METHOD_MATCH = YES;
				"CODE_SIGN_IDENTITY[sdk=iphoneos*]" = "iPhone Developer";
				COPY_PHASE_STRIP = NO;
				DEBUG_INFORMATION_FORMAT = "dwarf-with-dsym";
				ENABLE_NS_ASSERTIONS = NO;
				ENABLE_STRICT_OBJC_MSGSEND = YES;
				GCC_C_LANGUAGE_STANDARD = gnu99;
				GCC_NO_COMMON_BLOCKS = YES;
				GCC_WARN_64_TO_32_BIT_CONVERSION = YES;
				GCC_WARN_ABOUT_RETURN_TYPE = YES_ERROR;
				GCC_WARN_UNDECLARED_SELECTOR = YES;
				GCC_WARN_UNINITIALIZED_AUTOS = YES_AGGRESSIVE;
				GCC_WARN_UNUSED_FUNCTION = YES;
				GCC_WARN_UNUSED_VARIABLE = YES;
				IPHONEOS_DEPLOYMENT_TARGET = 9.2;
				MTL_ENABLE_DEBUG_INFO = NO;
				SDKROOT = iphoneos;
				VALIDATE_PRODUCT = YES;
			};
			name = Release;
		};
		4C6A3ECE1C8FA17A00F9663B /* Debug */ = {
			isa = XCBuildConfiguration;
			buildSettings = {
				ASSETCATALOG_COMPILER_APPICON_NAME = AppIcon;
				INFOPLIST_FILE = gesture_test/Info.plist;
				LD_RUNPATH_SEARCH_PATHS = "$(inherited) @executable_path/Frameworks";
				PRODUCT_BUNDLE_IDENTIFIER = "no.gesture-test";
				PRODUCT_NAME = "$(TARGET_NAME)";
			};
			name = Debug;
		};
		4C6A3ECF1C8FA17A00F9663B /* Release */ = {
			isa = XCBuildConfiguration;
			buildSettings = {
				ASSETCATALOG_COMPILER_APPICON_NAME = AppIcon;
				INFOPLIST_FILE = gesture_test/Info.plist;
				LD_RUNPATH_SEARCH_PATHS = "$(inherited) @executable_path/Frameworks";
				PRODUCT_BUNDLE_IDENTIFIER = "no.gesture-test";
				PRODUCT_NAME = "$(TARGET_NAME)";
			};
			name = Release;
		};
		4C6A3ED11C8FA17A00F9663B /* Debug */ = {
			isa = XCBuildConfiguration;
			buildSettings = {
				BUNDLE_LOADER = "$(TEST_HOST)";
				INFOPLIST_FILE = gesture_testTests/Info.plist;
				LD_RUNPATH_SEARCH_PATHS = "$(inherited) @executable_path/Frameworks @loader_path/Frameworks";
				PRODUCT_BUNDLE_IDENTIFIER = "no.gesture-testTests";
				PRODUCT_NAME = "$(TARGET_NAME)";
				TEST_HOST = "$(BUILT_PRODUCTS_DIR)/gesture_test.app/gesture_test";
			};
			name = Debug;
		};
		4C6A3ED21C8FA17A00F9663B /* Release */ = {
			isa = XCBuildConfiguration;
			buildSettings = {
				BUNDLE_LOADER = "$(TEST_HOST)";
				INFOPLIST_FILE = gesture_testTests/Info.plist;
				LD_RUNPATH_SEARCH_PATHS = "$(inherited) @executable_path/Frameworks @loader_path/Frameworks";
				PRODUCT_BUNDLE_IDENTIFIER = "no.gesture-testTests";
				PRODUCT_NAME = "$(TARGET_NAME)";
				TEST_HOST = "$(BUILT_PRODUCTS_DIR)/gesture_test.app/gesture_test";
			};
			name = Release;
		};
		4C6A3ED41C8FA17A00F9663B /* Debug */ = {
			isa = XCBuildConfiguration;
			buildSettings = {
				INFOPLIST_FILE = gesture_testUITests/Info.plist;
				LD_RUNPATH_SEARCH_PATHS = "$(inherited) @executable_path/Frameworks @loader_path/Frameworks";
				PRODUCT_BUNDLE_IDENTIFIER = "no.gesture-testUITests";
				PRODUCT_NAME = "$(TARGET_NAME)";
				TEST_TARGET_NAME = gesture_test;
				USES_XCTRUNNER = YES;
			};
			name = Debug;
		};
		4C6A3ED51C8FA17A00F9663B /* Release */ = {
			isa = XCBuildConfiguration;
			buildSettings = {
				INFOPLIST_FILE = gesture_testUITests/Info.plist;
				LD_RUNPATH_SEARCH_PATHS = "$(inherited) @executable_path/Frameworks @loader_path/Frameworks";
				PRODUCT_BUNDLE_IDENTIFIER = "no.gesture-testUITests";
				PRODUCT_NAME = "$(TARGET_NAME)";
				TEST_TARGET_NAME = gesture_test;
				USES_XCTRUNNER = YES;
			};
			name = Release;
		};
/* End XCBuildConfiguration section */

/* Begin XCConfigurationList section */
		4C6A3EA01C8FA17A00F9663B /* Build configuration list for PBXProject "gesture_test" */ = {
			isa = XCConfigurationList;
			buildConfigurations = (
				4C6A3ECB1C8FA17A00F9663B /* Debug */,
				4C6A3ECC1C8FA17A00F9663B /* Release */,
			);
			defaultConfigurationIsVisible = 0;
			defaultConfigurationName = Release;
		};
		4C6A3ECD1C8FA17A00F9663B /* Build configuration list for PBXNativeTarget "gesture_test" */ = {
			isa = XCConfigurationList;
			buildConfigurations = (
				4C6A3ECE1C8FA17A00F9663B /* Debug */,
				4C6A3ECF1C8FA17A00F9663B /* Release */,
			);
			defaultConfigurationIsVisible = 0;
		};
		4C6A3ED01C8FA17A00F9663B /* Build configuration list for PBXNativeTarget "gesture_testTests" */ = {
			isa = XCConfigurationList;
			buildConfigurations = (
				4C6A3ED11C8FA17A00F9663B /* Debug */,
				4C6A3ED21C8FA17A00F9663B /* Release */,
			);
			defaultConfigurationIsVisible = 0;
		};
		4C6A3ED31C8FA17A00F9663B /* Build configuration list for PBXNativeTarget "gesture_testUITests" */ = {
			isa = XCConfigurationList;
			buildConfigurations = (
				4C6A3ED41C8FA17A00F9663B /* Debug */,
				4C6A3ED51C8FA17A00F9663B /* Release */,
			);
			defaultConfigurationIsVisible = 0;
		};
/* End XCConfigurationList section */
	};
	rootObject = 4C6A3E9D1C8FA17A00F9663B /* Project object */;
}
