// !$*UTF8*$!
{
	archiveVersion = 1;
	classes = {
	};
	objectVersion = 46;
	objects = {

/* Begin PBXBuildFile section */
		4C6A3EE31C8FAE2C00F9663B /* AppDelegate.swift in Sources */ = {isa = PBXBuildFile; fileRef = 4C6A3EE21C8FAE2C00F9663B /* AppDelegate.swift */; };
		4C6A3EE51C8FAE2C00F9663B /* ViewController.swift in Sources */ = {isa = PBXBuildFile; fileRef = 4C6A3EE41C8FAE2C00F9663B /* ViewController.swift */; };
		4C6A3EE81C8FAE2C00F9663B /* Main.storyboard in Resources */ = {isa = PBXBuildFile; fileRef = 4C6A3EE61C8FAE2C00F9663B /* Main.storyboard */; };
		4C6A3EEA1C8FAE2C00F9663B /* Assets.xcassets in Resources */ = {isa = PBXBuildFile; fileRef = 4C6A3EE91C8FAE2C00F9663B /* Assets.xcassets */; };
		4C6A3EED1C8FAE2C00F9663B /* LaunchScreen.storyboard in Resources */ = {isa = PBXBuildFile; fileRef = 4C6A3EEB1C8FAE2C00F9663B /* LaunchScreen.storyboard */; };
		4C6A3EF81C8FAE2C00F9663B /* create_my_framTests.swift in Sources */ = {isa = PBXBuildFile; fileRef = 4C6A3EF71C8FAE2C00F9663B /* create_my_framTests.swift */; };
		4C6A3F031C8FAE2C00F9663B /* create_my_framUITests.swift in Sources */ = {isa = PBXBuildFile; fileRef = 4C6A3F021C8FAE2C00F9663B /* create_my_framUITests.swift */; };
		4C6A3F111C8FB05500F9663B /* provinces_cities.plist in Resources */ = {isa = PBXBuildFile; fileRef = 4C6A3F101C8FB05500F9663B /* provinces_cities.plist */; };
/* End PBXBuildFile section */

/* Begin PBXContainerItemProxy section */
		4C6A3EF41C8FAE2C00F9663B /* PBXContainerItemProxy */ = {
			isa = PBXContainerItemProxy;
			containerPortal = 4C6A3ED71C8FAE2C00F9663B /* Project object */;
			proxyType = 1;
			remoteGlobalIDString = 4C6A3EDE1C8FAE2C00F9663B;
			remoteInfo = create_my_fram;
		};
		4C6A3EFF1C8FAE2C00F9663B /* PBXContainerItemProxy */ = {
			isa = PBXContainerItemProxy;
			containerPortal = 4C6A3ED71C8FAE2C00F9663B /* Project object */;
			proxyType = 1;
			remoteGlobalIDString = 4C6A3EDE1C8FAE2C00F9663B;
			remoteInfo = create_my_fram;
		};
/* End PBXContainerItemProxy section */

/* Begin PBXFileReference section */
		4C6A3EDF1C8FAE2C00F9663B /* create_my_fram.app */ = {isa = PBXFileReference; explicitFileType = wrapper.application; includeInIndex = 0; path = create_my_fram.app; sourceTree = BUILT_PRODUCTS_DIR; };
		4C6A3EE21C8FAE2C00F9663B /* AppDelegate.swift */ = {isa = PBXFileReference; lastKnownFileType = sourcecode.swift; path = AppDelegate.swift; sourceTree = "<group>"; };
		4C6A3EE41C8FAE2C00F9663B /* ViewController.swift */ = {isa = PBXFileReference; lastKnownFileType = sourcecode.swift; path = ViewController.swift; sourceTree = "<group>"; };
		4C6A3EE71C8FAE2C00F9663B /* Base */ = {isa = PBXFileReference; lastKnownFileType = file.storyboard; name = Base; path = Base.lproj/Main.storyboard; sourceTree = "<group>"; };
		4C6A3EE91C8FAE2C00F9663B /* Assets.xcassets */ = {isa = PBXFileReference; lastKnownFileType = folder.assetcatalog; path = Assets.xcassets; sourceTree = "<group>"; };
		4C6A3EEC1C8FAE2C00F9663B /* Base */ = {isa = PBXFileReference; lastKnownFileType = file.storyboard; name = Base; path = Base.lproj/LaunchScreen.storyboard; sourceTree = "<group>"; };
		4C6A3EEE1C8FAE2C00F9663B /* Info.plist */ = {isa = PBXFileReference; lastKnownFileType = text.plist.xml; path = Info.plist; sourceTree = "<group>"; };
		4C6A3EF31C8FAE2C00F9663B /* create_my_framTests.xctest */ = {isa = PBXFileReference; explicitFileType = wrapper.cfbundle; includeInIndex = 0; path = create_my_framTests.xctest; sourceTree = BUILT_PRODUCTS_DIR; };
		4C6A3EF71C8FAE2C00F9663B /* create_my_framTests.swift */ = {isa = PBXFileReference; lastKnownFileType = sourcecode.swift; path = create_my_framTests.swift; sourceTree = "<group>"; };
		4C6A3EF91C8FAE2C00F9663B /* Info.plist */ = {isa = PBXFileReference; lastKnownFileType = text.plist.xml; path = Info.plist; sourceTree = "<group>"; };
		4C6A3EFE1C8FAE2C00F9663B /* create_my_framUITests.xctest */ = {isa = PBXFileReference; explicitFileType = wrapper.cfbundle; includeInIndex = 0; path = create_my_framUITests.xctest; sourceTree = BUILT_PRODUCTS_DIR; };
		4C6A3F021C8FAE2C00F9663B /* create_my_framUITests.swift */ = {isa = PBXFileReference; lastKnownFileType = sourcecode.swift; path = create_my_framUITests.swift; sourceTree = "<group>"; };
		4C6A3F041C8FAE2C00F9663B /* Info.plist */ = {isa = PBXFileReference; lastKnownFileType = text.plist.xml; path = Info.plist; sourceTree = "<group>"; };
		4C6A3F101C8FB05500F9663B /* provinces_cities.plist */ = {isa = PBXFileReference; fileEncoding = 4; lastKnownFileType = text.plist.xml; path = provinces_cities.plist; sourceTree = "<group>"; };
/* End PBXFileReference section */

/* Begin PBXFrameworksBuildPhase section */
		4C6A3EDC1C8FAE2C00F9663B /* Frameworks */ = {
			isa = PBXFrameworksBuildPhase;
			buildActionMask = 2147483647;
			files = (
			);
			runOnlyForDeploymentPostprocessing = 0;
		};
		4C6A3EF01C8FAE2C00F9663B /* Frameworks */ = {
			isa = PBXFrameworksBuildPhase;
			buildActionMask = 2147483647;
			files = (
			);
			runOnlyForDeploymentPostprocessing = 0;
		};
		4C6A3EFB1C8FAE2C00F9663B /* Frameworks */ = {
			isa = PBXFrameworksBuildPhase;
			buildActionMask = 2147483647;
			files = (
			);
			runOnlyForDeploymentPostprocessing = 0;
		};
/* End PBXFrameworksBuildPhase section */

/* Begin PBXGroup section */
		4C6A3ED61C8FAE2C00F9663B = {
			isa = PBXGroup;
			children = (
				4C6A3EE11C8FAE2C00F9663B /* create_my_fram */,
				4C6A3EF61C8FAE2C00F9663B /* create_my_framTests */,
				4C6A3F011C8FAE2C00F9663B /* create_my_framUITests */,
				4C6A3EE01C8FAE2C00F9663B /* Products */,
			);
			sourceTree = "<group>";
		};
		4C6A3EE01C8FAE2C00F9663B /* Products */ = {
			isa = PBXGroup;
			children = (
				4C6A3EDF1C8FAE2C00F9663B /* create_my_fram.app */,
				4C6A3EF31C8FAE2C00F9663B /* create_my_framTests.xctest */,
				4C6A3EFE1C8FAE2C00F9663B /* create_my_framUITests.xctest */,
			);
			name = Products;
			sourceTree = "<group>";
		};
		4C6A3EE11C8FAE2C00F9663B /* create_my_fram */ = {
			isa = PBXGroup;
			children = (
				4C6A3F101C8FB05500F9663B /* provinces_cities.plist */,
				4C6A3EE21C8FAE2C00F9663B /* AppDelegate.swift */,
				4C6A3EE41C8FAE2C00F9663B /* ViewController.swift */,
				4C6A3EE61C8FAE2C00F9663B /* Main.storyboard */,
				4C6A3EE91C8FAE2C00F9663B /* Assets.xcassets */,
				4C6A3EEB1C8FAE2C00F9663B /* LaunchScreen.storyboard */,
				4C6A3EEE1C8FAE2C00F9663B /* Info.plist */,
			);
			path = create_my_fram;
			sourceTree = "<group>";
		};
		4C6A3EF61C8FAE2C00F9663B /* create_my_framTests */ = {
			isa = PBXGroup;
			children = (
				4C6A3EF71C8FAE2C00F9663B /* create_my_framTests.swift */,
				4C6A3EF91C8FAE2C00F9663B /* Info.plist */,
			);
			path = create_my_framTests;
			sourceTree = "<group>";
		};
		4C6A3F011C8FAE2C00F9663B /* create_my_framUITests */ = {
			isa = PBXGroup;
			children = (
				4C6A3F021C8FAE2C00F9663B /* create_my_framUITests.swift */,
				4C6A3F041C8FAE2C00F9663B /* Info.plist */,
			);
			path = create_my_framUITests;
			sourceTree = "<group>";
		};
/* End PBXGroup section */

/* Begin PBXNativeTarget section */
		4C6A3EDE1C8FAE2C00F9663B /* create_my_fram */ = {
			isa = PBXNativeTarget;
			buildConfigurationList = 4C6A3F071C8FAE2C00F9663B /* Build configuration list for PBXNativeTarget "create_my_fram" */;
			buildPhases = (
				4C6A3EDB1C8FAE2C00F9663B /* Sources */,
				4C6A3EDC1C8FAE2C00F9663B /* Frameworks */,
				4C6A3EDD1C8FAE2C00F9663B /* Resources */,
			);
			buildRules = (
			);
			dependencies = (
			);
			name = create_my_fram;
			productName = create_my_fram;
			productReference = 4C6A3EDF1C8FAE2C00F9663B /* create_my_fram.app */;
			productType = "com.apple.product-type.application";
		};
		4C6A3EF21C8FAE2C00F9663B /* create_my_framTests */ = {
			isa = PBXNativeTarget;
			buildConfigurationList = 4C6A3F0A1C8FAE2C00F9663B /* Build configuration list for PBXNativeTarget "create_my_framTests" */;
			buildPhases = (
				4C6A3EEF1C8FAE2C00F9663B /* Sources */,
				4C6A3EF01C8FAE2C00F9663B /* Frameworks */,
				4C6A3EF11C8FAE2C00F9663B /* Resources */,
			);
			buildRules = (
			);
			dependencies = (
				4C6A3EF51C8FAE2C00F9663B /* PBXTargetDependency */,
			);
			name = create_my_framTests;
			productName = create_my_framTests;
			productReference = 4C6A3EF31C8FAE2C00F9663B /* create_my_framTests.xctest */;
			productType = "com.apple.product-type.bundle.unit-test";
		};
		4C6A3EFD1C8FAE2C00F9663B /* create_my_framUITests */ = {
			isa = PBXNativeTarget;
			buildConfigurationList = 4C6A3F0D1C8FAE2C00F9663B /* Build configuration list for PBXNativeTarget "create_my_framUITests" */;
			buildPhases = (
				4C6A3EFA1C8FAE2C00F9663B /* Sources */,
				4C6A3EFB1C8FAE2C00F9663B /* Frameworks */,
				4C6A3EFC1C8FAE2C00F9663B /* Resources */,
			);
			buildRules = (
			);
			dependencies = (
				4C6A3F001C8FAE2C00F9663B /* PBXTargetDependency */,
			);
			name = create_my_framUITests;
			productName = create_my_framUITests;
			productReference = 4C6A3EFE1C8FAE2C00F9663B /* create_my_framUITests.xctest */;
			productType = "com.apple.product-type.bundle.ui-testing";
		};
/* End PBXNativeTarget section */

/* Begin PBXProject section */
		4C6A3ED71C8FAE2C00F9663B /* Project object */ = {
			isa = PBXProject;
			attributes = {
				LastSwiftUpdateCheck = 0720;
				LastUpgradeCheck = 0720;
				ORGANIZATIONNAME = caizhili;
				TargetAttributes = {
					4C6A3EDE1C8FAE2C00F9663B = {
						CreatedOnToolsVersion = 7.2.1;
					};
					4C6A3EF21C8FAE2C00F9663B = {
						CreatedOnToolsVersion = 7.2.1;
						TestTargetID = 4C6A3EDE1C8FAE2C00F9663B;
					};
					4C6A3EFD1C8FAE2C00F9663B = {
						CreatedOnToolsVersion = 7.2.1;
						TestTargetID = 4C6A3EDE1C8FAE2C00F9663B;
					};
				};
			};
			buildConfigurationList = 4C6A3EDA1C8FAE2C00F9663B /* Build configuration list for PBXProject "create_my_fram" */;
			compatibilityVersion = "Xcode 3.2";
			developmentRegion = English;
			hasScannedForEncodings = 0;
			knownRegions = (
				en,
				Base,
			);
			mainGroup = 4C6A3ED61C8FAE2C00F9663B;
			productRefGroup = 4C6A3EE01C8FAE2C00F9663B /* Products */;
			projectDirPath = "";
			projectRoot = "";
			targets = (
				4C6A3EDE1C8FAE2C00F9663B /* create_my_fram */,
				4C6A3EF21C8FAE2C00F9663B /* create_my_framTests */,
				4C6A3EFD1C8FAE2C00F9663B /* create_my_framUITests */,
			);
		};
/* End PBXProject section */

/* Begin PBXResourcesBuildPhase section */
		4C6A3EDD1C8FAE2C00F9663B /* Resources */ = {
			isa = PBXResourcesBuildPhase;
			buildActionMask = 2147483647;
			files = (
				4C6A3EED1C8FAE2C00F9663B /* LaunchScreen.storyboard in Resources */,
				4C6A3F111C8FB05500F9663B /* provinces_cities.plist in Resources */,
				4C6A3EEA1C8FAE2C00F9663B /* Assets.xcassets in Resources */,
				4C6A3EE81C8FAE2C00F9663B /* Main.storyboard in Resources */,
			);
			runOnlyForDeploymentPostprocessing = 0;
		};
		4C6A3EF11C8FAE2C00F9663B /* Resources */ = {
			isa = PBXResourcesBuildPhase;
			buildActionMask = 2147483647;
			files = (
			);
			runOnlyForDeploymentPostprocessing = 0;
		};
		4C6A3EFC1C8FAE2C00F9663B /* Resources */ = {
			isa = PBXResourcesBuildPhase;
			buildActionMask = 2147483647;
			files = (
			);
			runOnlyForDeploymentPostprocessing = 0;
		};
/* End PBXResourcesBuildPhase section */

/* Begin PBXSourcesBuildPhase section */
		4C6A3EDB1C8FAE2C00F9663B /* Sources */ = {
			isa = PBXSourcesBuildPhase;
			buildActionMask = 2147483647;
			files = (
				4C6A3EE51C8FAE2C00F9663B /* ViewController.swift in Sources */,
				4C6A3EE31C8FAE2C00F9663B /* AppDelegate.swift in Sources */,
			);
			runOnlyForDeploymentPostprocessing = 0;
		};
		4C6A3EEF1C8FAE2C00F9663B /* Sources */ = {
			isa = PBXSourcesBuildPhase;
			buildActionMask = 2147483647;
			files = (
				4C6A3EF81C8FAE2C00F9663B /* create_my_framTests.swift in Sources */,
			);
			runOnlyForDeploymentPostprocessing = 0;
		};
		4C6A3EFA1C8FAE2C00F9663B /* Sources */ = {
			isa = PBXSourcesBuildPhase;
			buildActionMask = 2147483647;
			files = (
				4C6A3F031C8FAE2C00F9663B /* create_my_framUITests.swift in Sources */,
			);
			runOnlyForDeploymentPostprocessing = 0;
		};
/* End PBXSourcesBuildPhase section */

/* Begin PBXTargetDependency section */
		4C6A3EF51C8FAE2C00F9663B /* PBXTargetDependency */ = {
			isa = PBXTargetDependency;
			target = 4C6A3EDE1C8FAE2C00F9663B /* create_my_fram */;
			targetProxy = 4C6A3EF41C8FAE2C00F9663B /* PBXContainerItemProxy */;
		};
		4C6A3F001C8FAE2C00F9663B /* PBXTargetDependency */ = {
			isa = PBXTargetDependency;
			target = 4C6A3EDE1C8FAE2C00F9663B /* create_my_fram */;
			targetProxy = 4C6A3EFF1C8FAE2C00F9663B /* PBXContainerItemProxy */;
		};
/* End PBXTargetDependency section */

/* Begin PBXVariantGroup section */
		4C6A3EE61C8FAE2C00F9663B /* Main.storyboard */ = {
			isa = PBXVariantGroup;
			children = (
				4C6A3EE71C8FAE2C00F9663B /* Base */,
			);
			name = Main.storyboard;
			sourceTree = "<group>";
		};
		4C6A3EEB1C8FAE2C00F9663B /* LaunchScreen.storyboard */ = {
			isa = PBXVariantGroup;
			children = (
				4C6A3EEC1C8FAE2C00F9663B /* Base */,
			);
			name = LaunchScreen.storyboard;
			sourceTree = "<group>";
		};
/* End PBXVariantGroup section */

/* Begin XCBuildConfiguration section */
		4C6A3F051C8FAE2C00F9663B /* Debug */ = {
			isa = XCBuildConfiguration;
			buildSettings = {
				ALWAYS_SEARCH_USER_PATHS = NO;
				CLANG_CXX_LANGUAGE_STANDARD = "gnu++0x";
				CLANG_CXX_LIBRARY = "libc++";
				CLANG_ENABLE_MODULES = YES;
				CLANG_ENABLE_OBJC_ARC = YES;
				CLANG_WARN_BOOL_CONVERSION = YES;
				CLANG_WARN_CONSTANT_CONVERSION = YES;
				CLANG_WARN_DIRECT_OBJC_ISA_USAGE = YES_ERROR;
				CLANG_WARN_EMPTY_BODY = YES;
				CLANG_WARN_ENUM_CONVERSION = YES;
				CLANG_WARN_INT_CONVERSION = YES;
				CLANG_WARN_OBJC_ROOT_CLASS = YES_ERROR;
				CLANG_WARN_UNREACHABLE_CODE = YES;
				CLANG_WARN__DUPLICATE_METHOD_MATCH = YES;
				"CODE_SIGN_IDENTITY[sdk=iphoneos*]" = "iPhone Developer";
				COPY_PHASE_STRIP = NO;
				DEBUG_INFORMATION_FORMAT = dwarf;
				ENABLE_STRICT_OBJC_MSGSEND = YES;
				ENABLE_TESTABILITY = YES;
				GCC_C_LANGUAGE_STANDARD = gnu99;
				GCC_DYNAMIC_NO_PIC = NO;
				GCC_NO_COMMON_BLOCKS = YES;
				GCC_OPTIMIZATION_LEVEL = 0;
				GCC_PREPROCESSOR_DEFINITIONS = (
					"DEBUG=1",
					"$(inherited)",
				);
				GCC_WARN_64_TO_32_BIT_CONVERSION = YES;
				GCC_WARN_ABOUT_RETURN_TYPE = YES_ERROR;
				GCC_WARN_UNDECLARED_SELECTOR = YES;
				GCC_WARN_UNINITIALIZED_AUTOS = YES_AGGRESSIVE;
				GCC_WARN_UNUSED_FUNCTION = YES;
				GCC_WARN_UNUSED_VARIABLE = YES;
				IPHONEOS_DEPLOYMENT_TARGET = 9.2;
				MTL_ENABLE_DEBUG_INFO = YES;
				ONLY_ACTIVE_ARCH = YES;
				SDKROOT = iphoneos;
				SWIFT_OPTIMIZATION_LEVEL = "-Onone";
			};
			name = Debug;
		};
		4C6A3F061C8FAE2C00F9663B /* Release */ = {
			isa = XCBuildConfiguration;
			buildSettings = {
				ALWAYS_SEARCH_USER_PATHS = NO;
				CLANG_CXX_LANGUAGE_STANDARD = "gnu++0x";
				CLANG_CXX_LIBRARY = "libc++";
				CLANG_ENABLE_MODULES = YES;
				CLANG_ENABLE_OBJC_ARC = YES;
				CLANG_WARN_BOOL_CONVERSION = YES;
				CLANG_WARN_CONSTANT_CONVERSION = YES;
				CLANG_WARN_DIRECT_OBJC_ISA_USAGE = YES_ERROR;
				CLANG_WARN_EMPTY_BODY = YES;
				CLANG_WARN_ENUM_CONVERSION = YES;
				CLANG_WARN_INT_CONVERSION = YES;
				CLANG_WARN_OBJC_ROOT_CLASS = YES_ERROR;
				CLANG_WARN_UNREACHABLE_CODE = YES;
				CLANG_WARN__DUPLICATE_METHOD_MATCH = YES;
				"CODE_SIGN_IDENTITY[sdk=iphoneos*]" = "iPhone Developer";
				COPY_PHASE_STRIP = NO;
				DEBUG_INFORMATION_FORMAT = "dwarf-with-dsym";
				ENABLE_NS_ASSERTIONS = NO;
				ENABLE_STRICT_OBJC_MSGSEND = YES;
				GCC_C_LANGUAGE_STANDARD = gnu99;
				GCC_NO_COMMON_BLOCKS = YES;
				GCC_WARN_64_TO_32_BIT_CONVERSION = YES;
				GCC_WARN_ABOUT_RETURN_TYPE = YES_ERROR;
				GCC_WARN_UNDECLARED_SELECTOR = YES;
				GCC_WARN_UNINITIALIZED_AUTOS = YES_AGGRESSIVE;
				GCC_WARN_UNUSED_FUNCTION = YES;
				GCC_WARN_UNUSED_VARIABLE = YES;
				IPHONEOS_DEPLOYMENT_TARGET = 9.2;
				MTL_ENABLE_DEBUG_INFO = NO;
				SDKROOT = iphoneos;
				VALIDATE_PRODUCT = YES;
			};
			name = Release;
		};
		4C6A3F081C8FAE2C00F9663B /* Debug */ = {
			isa = XCBuildConfiguration;
			buildSettings = {
				ASSETCATALOG_COMPILER_APPICON_NAME = AppIcon;
				INFOPLIST_FILE = create_my_fram/Info.plist;
				LD_RUNPATH_SEARCH_PATHS = "$(inherited) @executable_path/Frameworks";
				PRODUCT_BUNDLE_IDENTIFIER = "no.create-my-fram";
				PRODUCT_NAME = "$(TARGET_NAME)";
			};
			name = Debug;
		};
		4C6A3F091C8FAE2C00F9663B /* Release */ = {
			isa = XCBuildConfiguration;
			buildSettings = {
				ASSETCATALOG_COMPILER_APPICON_NAME = AppIcon;
				INFOPLIST_FILE = create_my_fram/Info.plist;
				LD_RUNPATH_SEARCH_PATHS = "$(inherited) @executable_path/Frameworks";
				PRODUCT_BUNDLE_IDENTIFIER = "no.create-my-fram";
				PRODUCT_NAME = "$(TARGET_NAME)";
			};
			name = Release;
		};
		4C6A3F0B1C8FAE2C00F9663B /* Debug */ = {
			isa = XCBuildConfiguration;
			buildSettings = {
				BUNDLE_LOADER = "$(TEST_HOST)";
				INFOPLIST_FILE = create_my_framTests/Info.plist;
				LD_RUNPATH_SEARCH_PATHS = "$(inherited) @executable_path/Frameworks @loader_path/Frameworks";
				PRODUCT_BUNDLE_IDENTIFIER = "no.create-my-framTests";
				PRODUCT_NAME = "$(TARGET_NAME)";
				TEST_HOST = "$(BUILT_PRODUCTS_DIR)/create_my_fram.app/create_my_fram";
			};
			name = Debug;
		};
		4C6A3F0C1C8FAE2C00F9663B /* Release */ = {
			isa = XCBuildConfiguration;
			buildSettings = {
				BUNDLE_LOADER = "$(TEST_HOST)";
				INFOPLIST_FILE = create_my_framTests/Info.plist;
				LD_RUNPATH_SEARCH_PATHS = "$(inherited) @executable_path/Frameworks @loader_path/Frameworks";
				PRODUCT_BUNDLE_IDENTIFIER = "no.create-my-framTests";
				PRODUCT_NAME = "$(TARGET_NAME)";
				TEST_HOST = "$(BUILT_PRODUCTS_DIR)/create_my_fram.app/create_my_fram";
			};
			name = Release;
		};
		4C6A3F0E1C8FAE2C00F9663B /* Debug */ = {
			isa = XCBuildConfiguration;
			buildSettings = {
				INFOPLIST_FILE = create_my_framUITests/Info.plist;
				LD_RUNPATH_SEARCH_PATHS = "$(inherited) @executable_path/Frameworks @loader_path/Frameworks";
				PRODUCT_BUNDLE_IDENTIFIER = "no.create-my-framUITests";
				PRODUCT_NAME = "$(TARGET_NAME)";
				TEST_TARGET_NAME = create_my_fram;
				USES_XCTRUNNER = YES;
			};
			name = Debug;
		};
		4C6A3F0F1C8FAE2C00F9663B /* Release */ = {
			isa = XCBuildConfiguration;
			buildSettings = {
				INFOPLIST_FILE = create_my_framUITests/Info.plist;
				LD_RUNPATH_SEARCH_PATHS = "$(inherited) @executable_path/Frameworks @loader_path/Frameworks";
				PRODUCT_BUNDLE_IDENTIFIER = "no.create-my-framUITests";
				PRODUCT_NAME = "$(TARGET_NAME)";
				TEST_TARGET_NAME = create_my_fram;
				USES_XCTRUNNER = YES;
			};
			name = Release;
		};
/* End XCBuildConfiguration section */

/* Begin XCConfigurationList section */
		4C6A3EDA1C8FAE2C00F9663B /* Build configuration list for PBXProject "create_my_fram" */ = {
			isa = XCConfigurationList;
			buildConfigurations = (
				4C6A3F051C8FAE2C00F9663B /* Debug */,
				4C6A3F061C8FAE2C00F9663B /* Release */,
			);
			defaultConfigurationIsVisible = 0;
			defaultConfigurationName = Release;
		};
		4C6A3F071C8FAE2C00F9663B /* Build configuration list for PBXNativeTarget "create_my_fram" */ = {
			isa = XCConfigurationList;
			buildConfigurations = (
				4C6A3F081C8FAE2C00F9663B /* Debug */,
				4C6A3F091C8FAE2C00F9663B /* Release */,
			);
			defaultConfigurationIsVisible = 0;
		};
		4C6A3F0A1C8FAE2C00F9663B /* Build configuration list for PBXNativeTarget "create_my_framTests" */ = {
			isa = XCConfigurationList;
			buildConfigurations = (
				4C6A3F0B1C8FAE2C00F9663B /* Debug */,
				4C6A3F0C1C8FAE2C00F9663B /* Release */,
			);
			defaultConfigurationIsVisible = 0;
		};
		4C6A3F0D1C8FAE2C00F9663B /* Build configuration list for PBXNativeTarget "create_my_framUITests" */ = {
			isa = XCConfigurationList;
			buildConfigurations = (
				4C6A3F0E1C8FAE2C00F9663B /* Debug */,
				4C6A3F0F1C8FAE2C00F9663B /* Release */,
			);
			defaultConfigurationIsVisible = 0;
		};
/* End XCConfigurationList section */
	};
	rootObject = 4C6A3ED71C8FAE2C00F9663B /* Project object */;
}
