// !$*UTF8*$!
{
	archiveVersion = 1;
	classes = {
	};
	objectVersion = 46;
	objects = {

/* Begin PBXBuildFile section */
		4C55FA741C98E3630053BCEC /* AppDelegate.swift in Sources */ = {isa = PBXBuildFile; fileRef = 4C55FA731C98E3630053BCEC /* AppDelegate.swift */; };
		4C55FA761C98E3630053BCEC /* ViewController.swift in Sources */ = {isa = PBXBuildFile; fileRef = 4C55FA751C98E3630053BCEC /* ViewController.swift */; };
		4C55FA791C98E3630053BCEC /* Main.storyboard in Resources */ = {isa = PBXBuildFile; fileRef = 4C55FA771C98E3630053BCEC /* Main.storyboard */; };
		4C55FA7B1C98E3630053BCEC /* Assets.xcassets in Resources */ = {isa = PBXBuildFile; fileRef = 4C55FA7A1C98E3630053BCEC /* Assets.xcassets */; };
		4C55FA7E1C98E3630053BCEC /* LaunchScreen.storyboard in Resources */ = {isa = PBXBuildFile; fileRef = 4C55FA7C1C98E3630053BCEC /* LaunchScreen.storyboard */; };
		4C55FA891C98E3630053BCEC /* FileSourceTests.swift in Sources */ = {isa = PBXBuildFile; fileRef = 4C55FA881C98E3630053BCEC /* FileSourceTests.swift */; };
		4C55FA941C98E3630053BCEC /* FileSourceUITests.swift in Sources */ = {isa = PBXBuildFile; fileRef = 4C55FA931C98E3630053BCEC /* FileSourceUITests.swift */; };
		4C55FADE1C98FA640053BCEC /* Goods.swift in Sources */ = {isa = PBXBuildFile; fileRef = 4C55FADD1C98FA640053BCEC /* Goods.swift */; };
		4C55FAE01C99062C0053BCEC /* CollectViewController.swift in Sources */ = {isa = PBXBuildFile; fileRef = 4C55FADF1C99062C0053BCEC /* CollectViewController.swift */; };
/* End PBXBuildFile section */

/* Begin PBXContainerItemProxy section */
		4C55FA851C98E3630053BCEC /* PBXContainerItemProxy */ = {
			isa = PBXContainerItemProxy;
			containerPortal = 4C55FA681C98E3630053BCEC /* Project object */;
			proxyType = 1;
			remoteGlobalIDString = 4C55FA6F1C98E3630053BCEC;
			remoteInfo = FileSource;
		};
		4C55FA901C98E3630053BCEC /* PBXContainerItemProxy */ = {
			isa = PBXContainerItemProxy;
			containerPortal = 4C55FA681C98E3630053BCEC /* Project object */;
			proxyType = 1;
			remoteGlobalIDString = 4C55FA6F1C98E3630053BCEC;
			remoteInfo = FileSource;
		};
/* End PBXContainerItemProxy section */

/* Begin PBXFileReference section */
		4C55FA701C98E3630053BCEC /* FileSource.app */ = {isa = PBXFileReference; explicitFileType = wrapper.application; includeInIndex = 0; path = FileSource.app; sourceTree = BUILT_PRODUCTS_DIR; };
		4C55FA731C98E3630053BCEC /* AppDelegate.swift */ = {isa = PBXFileReference; lastKnownFileType = sourcecode.swift; path = AppDelegate.swift; sourceTree = "<group>"; };
		4C55FA751C98E3630053BCEC /* ViewController.swift */ = {isa = PBXFileReference; lastKnownFileType = sourcecode.swift; path = ViewController.swift; sourceTree = "<group>"; };
		4C55FA781C98E3630053BCEC /* Base */ = {isa = PBXFileReference; lastKnownFileType = file.storyboard; name = Base; path = Base.lproj/Main.storyboard; sourceTree = "<group>"; };
		4C55FA7A1C98E3630053BCEC /* Assets.xcassets */ = {isa = PBXFileReference; lastKnownFileType = folder.assetcatalog; path = Assets.xcassets; sourceTree = "<group>"; };
		4C55FA7D1C98E3630053BCEC /* Base */ = {isa = PBXFileReference; lastKnownFileType = file.storyboard; name = Base; path = Base.lproj/LaunchScreen.storyboard; sourceTree = "<group>"; };
		4C55FA7F1C98E3630053BCEC /* Info.plist */ = {isa = PBXFileReference; lastKnownFileType = text.plist.xml; path = Info.plist; sourceTree = "<group>"; };
		4C55FA841C98E3630053BCEC /* FileSourceTests.xctest */ = {isa = PBXFileReference; explicitFileType = wrapper.cfbundle; includeInIndex = 0; path = FileSourceTests.xctest; sourceTree = BUILT_PRODUCTS_DIR; };
		4C55FA881C98E3630053BCEC /* FileSourceTests.swift */ = {isa = PBXFileReference; lastKnownFileType = sourcecode.swift; path = FileSourceTests.swift; sourceTree = "<group>"; };
		4C55FA8A1C98E3630053BCEC /* Info.plist */ = {isa = PBXFileReference; lastKnownFileType = text.plist.xml; path = Info.plist; sourceTree = "<group>"; };
		4C55FA8F1C98E3630053BCEC /* FileSourceUITests.xctest */ = {isa = PBXFileReference; explicitFileType = wrapper.cfbundle; includeInIndex = 0; path = FileSourceUITests.xctest; sourceTree = BUILT_PRODUCTS_DIR; };
		4C55FA931C98E3630053BCEC /* FileSourceUITests.swift */ = {isa = PBXFileReference; lastKnownFileType = sourcecode.swift; path = FileSourceUITests.swift; sourceTree = "<group>"; };
		4C55FA951C98E3630053BCEC /* Info.plist */ = {isa = PBXFileReference; lastKnownFileType = text.plist.xml; path = Info.plist; sourceTree = "<group>"; };
		4C55FADD1C98FA640053BCEC /* Goods.swift */ = {isa = PBXFileReference; fileEncoding = 4; lastKnownFileType = sourcecode.swift; path = Goods.swift; sourceTree = "<group>"; };
		4C55FADF1C99062C0053BCEC /* CollectViewController.swift */ = {isa = PBXFileReference; fileEncoding = 4; lastKnownFileType = sourcecode.swift; path = CollectViewController.swift; sourceTree = "<group>"; };
/* End PBXFileReference section */

/* Begin PBXFrameworksBuildPhase section */
		4C55FA6D1C98E3630053BCEC /* Frameworks */ = {
			isa = PBXFrameworksBuildPhase;
			buildActionMask = 2147483647;
			files = (
			);
			runOnlyForDeploymentPostprocessing = 0;
		};
		4C55FA811C98E3630053BCEC /* Frameworks */ = {
			isa = PBXFrameworksBuildPhase;
			buildActionMask = 2147483647;
			files = (
			);
			runOnlyForDeploymentPostprocessing = 0;
		};
		4C55FA8C1C98E3630053BCEC /* Frameworks */ = {
			isa = PBXFrameworksBuildPhase;
			buildActionMask = 2147483647;
			files = (
			);
			runOnlyForDeploymentPostprocessing = 0;
		};
/* End PBXFrameworksBuildPhase section */

/* Begin PBXGroup section */
		4C55FA671C98E3630053BCEC = {
			isa = PBXGroup;
			children = (
				4C55FA721C98E3630053BCEC /* FileSource */,
				4C55FA871C98E3630053BCEC /* FileSourceTests */,
				4C55FA921C98E3630053BCEC /* FileSourceUITests */,
				4C55FA711C98E3630053BCEC /* Products */,
			);
			sourceTree = "<group>";
		};
		4C55FA711C98E3630053BCEC /* Products */ = {
			isa = PBXGroup;
			children = (
				4C55FA701C98E3630053BCEC /* FileSource.app */,
				4C55FA841C98E3630053BCEC /* FileSourceTests.xctest */,
				4C55FA8F1C98E3630053BCEC /* FileSourceUITests.xctest */,
			);
			name = Products;
			sourceTree = "<group>";
		};
		4C55FA721C98E3630053BCEC /* FileSource */ = {
			isa = PBXGroup;
			children = (
				4C55FA731C98E3630053BCEC /* AppDelegate.swift */,
				4C55FA751C98E3630053BCEC /* ViewController.swift */,
				4C55FADD1C98FA640053BCEC /* Goods.swift */,
				4C55FA771C98E3630053BCEC /* Main.storyboard */,
				4C55FADF1C99062C0053BCEC /* CollectViewController.swift */,
				4C55FA7A1C98E3630053BCEC /* Assets.xcassets */,
				4C55FA7C1C98E3630053BCEC /* LaunchScreen.storyboard */,
				4C55FA7F1C98E3630053BCEC /* Info.plist */,
			);
			path = FileSource;
			sourceTree = "<group>";
		};
		4C55FA871C98E3630053BCEC /* FileSourceTests */ = {
			isa = PBXGroup;
			children = (
				4C55FA881C98E3630053BCEC /* FileSourceTests.swift */,
				4C55FA8A1C98E3630053BCEC /* Info.plist */,
			);
			path = FileSourceTests;
			sourceTree = "<group>";
		};
		4C55FA921C98E3630053BCEC /* FileSourceUITests */ = {
			isa = PBXGroup;
			children = (
				4C55FA931C98E3630053BCEC /* FileSourceUITests.swift */,
				4C55FA951C98E3630053BCEC /* Info.plist */,
			);
			path = FileSourceUITests;
			sourceTree = "<group>";
		};
/* End PBXGroup section */

/* Begin PBXNativeTarget section */
		4C55FA6F1C98E3630053BCEC /* FileSource */ = {
			isa = PBXNativeTarget;
			buildConfigurationList = 4C55FA981C98E3630053BCEC /* Build configuration list for PBXNativeTarget "FileSource" */;
			buildPhases = (
				4C55FA6C1C98E3630053BCEC /* Sources */,
				4C55FA6D1C98E3630053BCEC /* Frameworks */,
				4C55FA6E1C98E3630053BCEC /* Resources */,
			);
			buildRules = (
			);
			dependencies = (
			);
			name = FileSource;
			productName = FileSource;
			productReference = 4C55FA701C98E3630053BCEC /* FileSource.app */;
			productType = "com.apple.product-type.application";
		};
		4C55FA831C98E3630053BCEC /* FileSourceTests */ = {
			isa = PBXNativeTarget;
			buildConfigurationList = 4C55FA9B1C98E3630053BCEC /* Build configuration list for PBXNativeTarget "FileSourceTests" */;
			buildPhases = (
				4C55FA801C98E3630053BCEC /* Sources */,
				4C55FA811C98E3630053BCEC /* Frameworks */,
				4C55FA821C98E3630053BCEC /* Resources */,
			);
			buildRules = (
			);
			dependencies = (
				4C55FA861C98E3630053BCEC /* PBXTargetDependency */,
			);
			name = FileSourceTests;
			productName = FileSourceTests;
			productReference = 4C55FA841C98E3630053BCEC /* FileSourceTests.xctest */;
			productType = "com.apple.product-type.bundle.unit-test";
		};
		4C55FA8E1C98E3630053BCEC /* FileSourceUITests */ = {
			isa = PBXNativeTarget;
			buildConfigurationList = 4C55FA9E1C98E3630053BCEC /* Build configuration list for PBXNativeTarget "FileSourceUITests" */;
			buildPhases = (
				4C55FA8B1C98E3630053BCEC /* Sources */,
				4C55FA8C1C98E3630053BCEC /* Frameworks */,
				4C55FA8D1C98E3630053BCEC /* Resources */,
			);
			buildRules = (
			);
			dependencies = (
				4C55FA911C98E3630053BCEC /* PBXTargetDependency */,
			);
			name = FileSourceUITests;
			productName = FileSourceUITests;
			productReference = 4C55FA8F1C98E3630053BCEC /* FileSourceUITests.xctest */;
			productType = "com.apple.product-type.bundle.ui-testing";
		};
/* End PBXNativeTarget section */

/* Begin PBXProject section */
		4C55FA681C98E3630053BCEC /* Project object */ = {
			isa = PBXProject;
			attributes = {
				LastSwiftUpdateCheck = 0720;
				LastUpgradeCheck = 0720;
				ORGANIZATIONNAME = caizhili;
				TargetAttributes = {
					4C55FA6F1C98E3630053BCEC = {
						CreatedOnToolsVersion = 7.2.1;
					};
					4C55FA831C98E3630053BCEC = {
						CreatedOnToolsVersion = 7.2.1;
						TestTargetID = 4C55FA6F1C98E3630053BCEC;
					};
					4C55FA8E1C98E3630053BCEC = {
						CreatedOnToolsVersion = 7.2.1;
						TestTargetID = 4C55FA6F1C98E3630053BCEC;
					};
				};
			};
			buildConfigurationList = 4C55FA6B1C98E3630053BCEC /* Build configuration list for PBXProject "FileSource" */;
			compatibilityVersion = "Xcode 3.2";
			developmentRegion = English;
			hasScannedForEncodings = 0;
			knownRegions = (
				en,
				Base,
			);
			mainGroup = 4C55FA671C98E3630053BCEC;
			productRefGroup = 4C55FA711C98E3630053BCEC /* Products */;
			projectDirPath = "";
			projectRoot = "";
			targets = (
				4C55FA6F1C98E3630053BCEC /* FileSource */,
				4C55FA831C98E3630053BCEC /* FileSourceTests */,
				4C55FA8E1C98E3630053BCEC /* FileSourceUITests */,
			);
		};
/* End PBXProject section */

/* Begin PBXResourcesBuildPhase section */
		4C55FA6E1C98E3630053BCEC /* Resources */ = {
			isa = PBXResourcesBuildPhase;
			buildActionMask = 2147483647;
			files = (
				4C55FA7E1C98E3630053BCEC /* LaunchScreen.storyboard in Resources */,
				4C55FA7B1C98E3630053BCEC /* Assets.xcassets in Resources */,
				4C55FA791C98E3630053BCEC /* Main.storyboard in Resources */,
			);
			runOnlyForDeploymentPostprocessing = 0;
		};
		4C55FA821C98E3630053BCEC /* Resources */ = {
			isa = PBXResourcesBuildPhase;
			buildActionMask = 2147483647;
			files = (
			);
			runOnlyForDeploymentPostprocessing = 0;
		};
		4C55FA8D1C98E3630053BCEC /* Resources */ = {
			isa = PBXResourcesBuildPhase;
			buildActionMask = 2147483647;
			files = (
			);
			runOnlyForDeploymentPostprocessing = 0;
		};
/* End PBXResourcesBuildPhase section */

/* Begin PBXSourcesBuildPhase section */
		4C55FA6C1C98E3630053BCEC /* Sources */ = {
			isa = PBXSourcesBuildPhase;
			buildActionMask = 2147483647;
			files = (
				4C55FA761C98E3630053BCEC /* ViewController.swift in Sources */,
				4C55FADE1C98FA640053BCEC /* Goods.swift in Sources */,
				4C55FA741C98E3630053BCEC /* AppDelegate.swift in Sources */,
				4C55FAE01C99062C0053BCEC /* CollectViewController.swift in Sources */,
			);
			runOnlyForDeploymentPostprocessing = 0;
		};
		4C55FA801C98E3630053BCEC /* Sources */ = {
			isa = PBXSourcesBuildPhase;
			buildActionMask = 2147483647;
			files = (
				4C55FA891C98E3630053BCEC /* FileSourceTests.swift in Sources */,
			);
			runOnlyForDeploymentPostprocessing = 0;
		};
		4C55FA8B1C98E3630053BCEC /* Sources */ = {
			isa = PBXSourcesBuildPhase;
			buildActionMask = 2147483647;
			files = (
				4C55FA941C98E3630053BCEC /* FileSourceUITests.swift in Sources */,
			);
			runOnlyForDeploymentPostprocessing = 0;
		};
/* End PBXSourcesBuildPhase section */

/* Begin PBXTargetDependency section */
		4C55FA861C98E3630053BCEC /* PBXTargetDependency */ = {
			isa = PBXTargetDependency;
			target = 4C55FA6F1C98E3630053BCEC /* FileSource */;
			targetProxy = 4C55FA851C98E3630053BCEC /* PBXContainerItemProxy */;
		};
		4C55FA911C98E3630053BCEC /* PBXTargetDependency */ = {
			isa = PBXTargetDependency;
			target = 4C55FA6F1C98E3630053BCEC /* FileSource */;
			targetProxy = 4C55FA901C98E3630053BCEC /* PBXContainerItemProxy */;
		};
/* End PBXTargetDependency section */

/* Begin PBXVariantGroup section */
		4C55FA771C98E3630053BCEC /* Main.storyboard */ = {
			isa = PBXVariantGroup;
			children = (
				4C55FA781C98E3630053BCEC /* Base */,
			);
			name = Main.storyboard;
			sourceTree = "<group>";
		};
		4C55FA7C1C98E3630053BCEC /* LaunchScreen.storyboard */ = {
			isa = PBXVariantGroup;
			children = (
				4C55FA7D1C98E3630053BCEC /* Base */,
			);
			name = LaunchScreen.storyboard;
			sourceTree = "<group>";
		};
/* End PBXVariantGroup section */

/* Begin XCBuildConfiguration section */
		4C55FA961C98E3630053BCEC /* Debug */ = {
			isa = XCBuildConfiguration;
			buildSettings = {
				ALWAYS_SEARCH_USER_PATHS = NO;
				CLANG_CXX_LANGUAGE_STANDARD = "gnu++0x";
				CLANG_CXX_LIBRARY = "libc++";
				CLANG_ENABLE_MODULES = YES;
				CLANG_ENABLE_OBJC_ARC = YES;
				CLANG_WARN_BOOL_CONVERSION = YES;
				CLANG_WARN_CONSTANT_CONVERSION = YES;
				CLANG_WARN_DIRECT_OBJC_ISA_USAGE = YES_ERROR;
				CLANG_WARN_EMPTY_BODY = YES;
				CLANG_WARN_ENUM_CONVERSION = YES;
				CLANG_WARN_INT_CONVERSION = YES;
				CLANG_WARN_OBJC_ROOT_CLASS = YES_ERROR;
				CLANG_WARN_UNREACHABLE_CODE = YES;
				CLANG_WARN__DUPLICATE_METHOD_MATCH = YES;
				"CODE_SIGN_IDENTITY[sdk=iphoneos*]" = "iPhone Developer";
				COPY_PHASE_STRIP = NO;
				DEBUG_INFORMATION_FORMAT = dwarf;
				ENABLE_STRICT_OBJC_MSGSEND = YES;
				ENABLE_TESTABILITY = YES;
				GCC_C_LANGUAGE_STANDARD = gnu99;
				GCC_DYNAMIC_NO_PIC = NO;
				GCC_NO_COMMON_BLOCKS = YES;
				GCC_OPTIMIZATION_LEVEL = 0;
				GCC_PREPROCESSOR_DEFINITIONS = (
					"DEBUG=1",
					"$(inherited)",
				);
				GCC_WARN_64_TO_32_BIT_CONVERSION = YES;
				GCC_WARN_ABOUT_RETURN_TYPE = YES_ERROR;
				GCC_WARN_UNDECLARED_SELECTOR = YES;
				GCC_WARN_UNINITIALIZED_AUTOS = YES_AGGRESSIVE;
				GCC_WARN_UNUSED_FUNCTION = YES;
				GCC_WARN_UNUSED_VARIABLE = YES;
				IPHONEOS_DEPLOYMENT_TARGET = 9.2;
				MTL_ENABLE_DEBUG_INFO = YES;
				ONLY_ACTIVE_ARCH = YES;
				SDKROOT = iphoneos;
				SWIFT_OPTIMIZATION_LEVEL = "-Onone";
			};
			name = Debug;
		};
		4C55FA971C98E3630053BCEC /* Release */ = {
			isa = XCBuildConfiguration;
			buildSettings = {
				ALWAYS_SEARCH_USER_PATHS = NO;
				CLANG_CXX_LANGUAGE_STANDARD = "gnu++0x";
				CLANG_CXX_LIBRARY = "libc++";
				CLANG_ENABLE_MODULES = YES;
				CLANG_ENABLE_OBJC_ARC = YES;
				CLANG_WARN_BOOL_CONVERSION = YES;
				CLANG_WARN_CONSTANT_CONVERSION = YES;
				CLANG_WARN_DIRECT_OBJC_ISA_USAGE = YES_ERROR;
				CLANG_WARN_EMPTY_BODY = YES;
				CLANG_WARN_ENUM_CONVERSION = YES;
				CLANG_WARN_INT_CONVERSION = YES;
				CLANG_WARN_OBJC_ROOT_CLASS = YES_ERROR;
				CLANG_WARN_UNREACHABLE_CODE = YES;
				CLANG_WARN__DUPLICATE_METHOD_MATCH = YES;
				"CODE_SIGN_IDENTITY[sdk=iphoneos*]" = "iPhone Developer";
				COPY_PHASE_STRIP = NO;
				DEBUG_INFORMATION_FORMAT = "dwarf-with-dsym";
				ENABLE_NS_ASSERTIONS = NO;
				ENABLE_STRICT_OBJC_MSGSEND = YES;
				GCC_C_LANGUAGE_STANDARD = gnu99;
				GCC_NO_COMMON_BLOCKS = YES;
				GCC_WARN_64_TO_32_BIT_CONVERSION = YES;
				GCC_WARN_ABOUT_RETURN_TYPE = YES_ERROR;
				GCC_WARN_UNDECLARED_SELECTOR = YES;
				GCC_WARN_UNINITIALIZED_AUTOS = YES_AGGRESSIVE;
				GCC_WARN_UNUSED_FUNCTION = YES;
				GCC_WARN_UNUSED_VARIABLE = YES;
				IPHONEOS_DEPLOYMENT_TARGET = 9.2;
				MTL_ENABLE_DEBUG_INFO = NO;
				SDKROOT = iphoneos;
				VALIDATE_PRODUCT = YES;
			};
			name = Release;
		};
		4C55FA991C98E3630053BCEC /* Debug */ = {
			isa = XCBuildConfiguration;
			buildSettings = {
				ASSETCATALOG_COMPILER_APPICON_NAME = AppIcon;
				INFOPLIST_FILE = FileSource/Info.plist;
				LD_RUNPATH_SEARCH_PATHS = "$(inherited) @executable_path/Frameworks";
				PRODUCT_BUNDLE_IDENTIFIER = no.FileSource;
				PRODUCT_NAME = "$(TARGET_NAME)";
			};
			name = Debug;
		};
		4C55FA9A1C98E3630053BCEC /* Release */ = {
			isa = XCBuildConfiguration;
			buildSettings = {
				ASSETCATALOG_COMPILER_APPICON_NAME = AppIcon;
				INFOPLIST_FILE = FileSource/Info.plist;
				LD_RUNPATH_SEARCH_PATHS = "$(inherited) @executable_path/Frameworks";
				PRODUCT_BUNDLE_IDENTIFIER = no.FileSource;
				PRODUCT_NAME = "$(TARGET_NAME)";
			};
			name = Release;
		};
		4C55FA9C1C98E3630053BCEC /* Debug */ = {
			isa = XCBuildConfiguration;
			buildSettings = {
				BUNDLE_LOADER = "$(TEST_HOST)";
				INFOPLIST_FILE = FileSourceTests/Info.plist;
				LD_RUNPATH_SEARCH_PATHS = "$(inherited) @executable_path/Frameworks @loader_path/Frameworks";
				PRODUCT_BUNDLE_IDENTIFIER = no.FileSourceTests;
				PRODUCT_NAME = "$(TARGET_NAME)";
				TEST_HOST = "$(BUILT_PRODUCTS_DIR)/FileSource.app/FileSource";
			};
			name = Debug;
		};
		4C55FA9D1C98E3630053BCEC /* Release */ = {
			isa = XCBuildConfiguration;
			buildSettings = {
				BUNDLE_LOADER = "$(TEST_HOST)";
				INFOPLIST_FILE = FileSourceTests/Info.plist;
				LD_RUNPATH_SEARCH_PATHS = "$(inherited) @executable_path/Frameworks @loader_path/Frameworks";
				PRODUCT_BUNDLE_IDENTIFIER = no.FileSourceTests;
				PRODUCT_NAME = "$(TARGET_NAME)";
				TEST_HOST = "$(BUILT_PRODUCTS_DIR)/FileSource.app/FileSource";
			};
			name = Release;
		};
		4C55FA9F1C98E3630053BCEC /* Debug */ = {
			isa = XCBuildConfiguration;
			buildSettings = {
				INFOPLIST_FILE = FileSourceUITests/Info.plist;
				LD_RUNPATH_SEARCH_PATHS = "$(inherited) @executable_path/Frameworks @loader_path/Frameworks";
				PRODUCT_BUNDLE_IDENTIFIER = no.FileSourceUITests;
				PRODUCT_NAME = "$(TARGET_NAME)";
				TEST_TARGET_NAME = FileSource;
				USES_XCTRUNNER = YES;
			};
			name = Debug;
		};
		4C55FAA01C98E3630053BCEC /* Release */ = {
			isa = XCBuildConfiguration;
			buildSettings = {
				INFOPLIST_FILE = FileSourceUITests/Info.plist;
				LD_RUNPATH_SEARCH_PATHS = "$(inherited) @executable_path/Frameworks @loader_path/Frameworks";
				PRODUCT_BUNDLE_IDENTIFIER = no.FileSourceUITests;
				PRODUCT_NAME = "$(TARGET_NAME)";
				TEST_TARGET_NAME = FileSource;
				USES_XCTRUNNER = YES;
			};
			name = Release;
		};
/* End XCBuildConfiguration section */

/* Begin XCConfigurationList section */
		4C55FA6B1C98E3630053BCEC /* Build configuration list for PBXProject "FileSource" */ = {
			isa = XCConfigurationList;
			buildConfigurations = (
				4C55FA961C98E3630053BCEC /* Debug */,
				4C55FA971C98E3630053BCEC /* Release */,
			);
			defaultConfigurationIsVisible = 0;
			defaultConfigurationName = Release;
		};
		4C55FA981C98E3630053BCEC /* Build configuration list for PBXNativeTarget "FileSource" */ = {
			isa = XCConfigurationList;
			buildConfigurations = (
				4C55FA991C98E3630053BCEC /* Debug */,
				4C55FA9A1C98E3630053BCEC /* Release */,
			);
			defaultConfigurationIsVisible = 0;
		};
		4C55FA9B1C98E3630053BCEC /* Build configuration list for PBXNativeTarget "FileSourceTests" */ = {
			isa = XCConfigurationList;
			buildConfigurations = (
				4C55FA9C1C98E3630053BCEC /* Debug */,
				4C55FA9D1C98E3630053BCEC /* Release */,
			);
			defaultConfigurationIsVisible = 0;
		};
		4C55FA9E1C98E3630053BCEC /* Build configuration list for PBXNativeTarget "FileSourceUITests" */ = {
			isa = XCConfigurationList;
			buildConfigurations = (
				4C55FA9F1C98E3630053BCEC /* Debug */,
				4C55FAA01C98E3630053BCEC /* Release */,
			);
			defaultConfigurationIsVisible = 0;
		};
/* End XCConfigurationList section */
	};
	rootObject = 4C55FA681C98E3630053BCEC /* Project object */;
}
